
Microsoft Visual Studio Solution File, Format Version 12.00
# Visual Studio 14
VisualStudioVersion = 14.0.24720.0
MinimumVisualStudioVersion = 10.0.40219.1
Project("{FAE04EC0-301F-11D3-BF4B-00C04F79EFBC}") = "Host", "Host\Host.csproj", "{C46219C3-01FF-42F2-859B-761FE6A615A8}"
EndProject
Project("{FAE04EC0-301F-11D3-BF4B-00C04F79EFBC}") = "Network", "Network\Network.csproj", "{46CD1021-17FC-4F2F-A166-5BFD221D8109}"
EndProject
Global
	GlobalSection(SolutionConfigurationPlatforms) = preSolution
		Debug|Any CPU = Debug|Any CPU
		Release|Any CPU = Release|Any CPU
	EndGlobalSection
	GlobalSection(ProjectConfigurationPlatforms) = postSolution
		{C46219C3-01FF-42F2-859B-761FE6A615A8}.Debug|Any CPU.ActiveCfg = Debug|Any CPU
		{C46219C3-01FF-42F2-859B-761FE6A615A8}.Debug|Any CPU.Build.0 = Debug|Any CPU
		{C46219C3-01FF-42F2-859B-761FE6A615A8}.Release|Any CPU.ActiveCfg = Release|Any CPU
		{C46219C3-01FF-42F2-859B-761FE6A615A8}.Release|Any CPU.Build.0 = Release|Any CPU
		{46CD1021-17FC-4F2F-A166-5BFD221D8109}.Debug|Any CPU.ActiveCfg = Debug|Any CPU
		{46CD1021-17FC-4F2F-A166-5BFD221D8109}.Debug|Any CPU.Build.0 = Debug|Any CPU
		{46CD1021-17FC-4F2F-A166-5BFD221D8109}.Release|Any CPU.ActiveCfg = Release|Any CPU
		{46CD1021-17FC-4F2F-A166-5BFD221D8109}.Release|Any CPU.Build.0 = Release|Any CPU
	EndGlobalSection
	GlobalSection(SolutionProperties) = preSolution
		HideSolutionNode = FALSE
	EndGlobalSection
EndGlobal
